// !$*UTF8*$!
{
	archiveVersion = 1;
	classes = {
	};
	objectVersion = 46;
	objects = {

/* Begin PBXBuildFile section */
		ABB085001A37051600BCFB1D /* main.m in Sources */ = {isa = PBXBuildFile; fileRef = ABB084FF1A37051600BCFB1D /* main.m */; };
		ABB085031A37051600BCFB1D /* AppDelegate.m in Sources */ = {isa = PBXBuildFile; fileRef = ABB085021A37051600BCFB1D /* AppDelegate.m */; };
		ABB085061A37051600BCFB1D /* ViewController.m in Sources */ = {isa = PBXBuildFile; fileRef = ABB085051A37051600BCFB1D /* ViewController.m */; };
		ABB085091A37051600BCFB1D /* Main.storyboard in Resources */ = {isa = PBXBuildFile; fileRef = ABB085071A37051600BCFB1D /* Main.storyboard */; };
		ABB0850B1A37051600BCFB1D /* Images.xcassets in Resources */ = {isa = PBXBuildFile; fileRef = ABB0850A1A37051600BCFB1D /* Images.xcassets */; };
		ABB0850E1A37051600BCFB1D /* LaunchScreen.xib in Resources */ = {isa = PBXBuildFile; fileRef = ABB0850C1A37051600BCFB1D /* LaunchScreen.xib */; };
		ABB0851A1A37051600BCFB1D /* T01_SimpleTouchTests.m in Sources */ = {isa = PBXBuildFile; fileRef = ABB085191A37051600BCFB1D /* T01_SimpleTouchTests.m */; };
/* End PBXBuildFile section */

/* Begin PBXContainerItemProxy section */
		ABB085141A37051600BCFB1D /* PBXContainerItemProxy */ = {
			isa = PBXContainerItemProxy;
			containerPortal = ABB084F21A37051600BCFB1D /* Project object */;
			proxyType = 1;
			remoteGlobalIDString = ABB084F91A37051600BCFB1D;
			remoteInfo = T01_SimpleTouch;
		};
/* End PBXContainerItemProxy section */

/* Begin PBXFileReference section */
		ABB084FA1A37051600BCFB1D /* T01_SimpleTouch.app */ = {isa = PBXFileReference; explicitFileType = wrapper.application; includeInIndex = 0; path = T01_SimpleTouch.app; sourceTree = BUILT_PRODUCTS_DIR; };
		ABB084FE1A37051600BCFB1D /* Info.plist */ = {isa = PBXFileReference; lastKnownFileType = text.plist.xml; path = Info.plist; sourceTree = "<group>"; };
		ABB084FF1A37051600BCFB1D /* main.m */ = {isa = PBXFileReference; lastKnownFileType = sourcecode.c.objc; path = main.m; sourceTree = "<group>"; };
		ABB085011A37051600BCFB1D /* AppDelegate.h */ = {isa = PBXFileReference; lastKnownFileType = sourcecode.c.h; path = AppDelegate.h; sourceTree = "<group>"; };
		ABB085021A37051600BCFB1D /* AppDelegate.m */ = {isa = PBXFileReference; lastKnownFileType = sourcecode.c.objc; path = AppDelegate.m; sourceTree = "<group>"; };
		ABB085041A37051600BCFB1D /* ViewController.h */ = {isa = PBXFileReference; lastKnownFileType = sourcecode.c.h; path = ViewController.h; sourceTree = "<group>"; };
		ABB085051A37051600BCFB1D /* ViewController.m */ = {isa = PBXFileReference; lastKnownFileType = sourcecode.c.objc; path = ViewController.m; sourceTree = "<group>"; };
		ABB085081A37051600BCFB1D /* Base */ = {isa = PBXFileReference; lastKnownFileType = file.storyboard; name = Base; path = Base.lproj/Main.storyboard; sourceTree = "<group>"; };
		ABB0850A1A37051600BCFB1D /* Images.xcassets */ = {isa = PBXFileReference; lastKnownFileType = folder.assetcatalog; path = Images.xcassets; sourceTree = "<group>"; };
		ABB0850D1A37051600BCFB1D /* Base */ = {isa = PBXFileReference; lastKnownFileType = file.xib; name = Base; path = Base.lproj/LaunchScreen.xib; sourceTree = "<group>"; };
		ABB085131A37051600BCFB1D /* T01_SimpleTouchTests.xctest */ = {isa = PBXFileReference; explicitFileType = wrapper.cfbundle; includeInIndex = 0; path = T01_SimpleTouchTests.xctest; sourceTree = BUILT_PRODUCTS_DIR; };
		ABB085181A37051600BCFB1D /* Info.plist */ = {isa = PBXFileReference; lastKnownFileType = text.plist.xml; path = Info.plist; sourceTree = "<group>"; };
		ABB085191A37051600BCFB1D /* T01_SimpleTouchTests.m */ = {isa = PBXFileReference; lastKnownFileType = sourcecode.c.objc; path = T01_SimpleTouchTests.m; sourceTree = "<group>"; };
/* End PBXFileReference section */

/* Begin PBXFrameworksBuildPhase section */
		ABB084F71A37051600BCFB1D /* Frameworks */ = {
			isa = PBXFrameworksBuildPhase;
			buildActionMask = 2147483647;
			files = (
			);
			runOnlyForDeploymentPostprocessing = 0;
		};
		ABB085101A37051600BCFB1D /* Frameworks */ = {
			isa = PBXFrameworksBuildPhase;
			buildActionMask = 2147483647;
			files = (
			);
			runOnlyForDeploymentPostprocessing = 0;
		};
/* End PBXFrameworksBuildPhase section */

/* Begin PBXGroup section */
		ABB084F11A37051600BCFB1D = {
			isa = PBXGroup;
			children = (
				ABB084FC1A37051600BCFB1D /* T01_SimpleTouch */,
				ABB085161A37051600BCFB1D /* T01_SimpleTouchTests */,
				ABB084FB1A37051600BCFB1D /* Products */,
			);
			sourceTree = "<group>";
		};
		ABB084FB1A37051600BCFB1D /* Products */ = {
			isa = PBXGroup;
			children = (
				ABB084FA1A37051600BCFB1D /* T01_SimpleTouch.app */,
				ABB085131A37051600BCFB1D /* T01_SimpleTouchTests.xctest */,
			);
			name = Products;
			sourceTree = "<group>";
		};
		ABB084FC1A37051600BCFB1D /* T01_SimpleTouch */ = {
			isa = PBXGroup;
			children = (
				ABB085011A37051600BCFB1D /* AppDelegate.h */,
				ABB085021A37051600BCFB1D /* AppDelegate.m */,
				ABB085041A37051600BCFB1D /* ViewController.h */,
				ABB085051A37051600BCFB1D /* ViewController.m */,
				ABB085071A37051600BCFB1D /* Main.storyboard */,
				ABB0850A1A37051600BCFB1D /* Images.xcassets */,
				ABB0850C1A37051600BCFB1D /* LaunchScreen.xib */,
				ABB084FD1A37051600BCFB1D /* Supporting Files */,
			);
			path = T01_SimpleTouch;
			sourceTree = "<group>";
		};
		ABB084FD1A37051600BCFB1D /* Supporting Files */ = {
			isa = PBXGroup;
			children = (
				ABB084FE1A37051600BCFB1D /* Info.plist */,
				ABB084FF1A37051600BCFB1D /* main.m */,
			);
			name = "Supporting Files";
			sourceTree = "<group>";
		};
		ABB085161A37051600BCFB1D /* T01_SimpleTouchTests */ = {
			isa = PBXGroup;
			children = (
				ABB085191A37051600BCFB1D /* T01_SimpleTouchTests.m */,
				ABB085171A37051600BCFB1D /* Supporting Files */,
			);
			path = T01_SimpleTouchTests;
			sourceTree = "<group>";
		};
		ABB085171A37051600BCFB1D /* Supporting Files */ = {
			isa = PBXGroup;
			children = (
				ABB085181A37051600BCFB1D /* Info.plist */,
			);
			name = "Supporting Files";
			sourceTree = "<group>";
		};
/* End PBXGroup section */

/* Begin PBXNativeTarget section */
		ABB084F91A37051600BCFB1D /* T01_SimpleTouch */ = {
			isa = PBXNativeTarget;
			buildConfigurationList = ABB0851D1A37051600BCFB1D /* Build configuration list for PBXNativeTarget "T01_SimpleTouch" */;
			buildPhases = (
				ABB084F61A37051600BCFB1D /* Sources */,
				ABB084F71A37051600BCFB1D /* Frameworks */,
				ABB084F81A37051600BCFB1D /* Resources */,
			);
			buildRules = (
			);
			dependencies = (
			);
			name = T01_SimpleTouch;
			productName = T01_SimpleTouch;
			productReference = ABB084FA1A37051600BCFB1D /* T01_SimpleTouch.app */;
			productType = "com.apple.product-type.application";
		};
		ABB085121A37051600BCFB1D /* T01_SimpleTouchTests */ = {
			isa = PBXNativeTarget;
			buildConfigurationList = ABB085201A37051600BCFB1D /* Build configuration list for PBXNativeTarget "T01_SimpleTouchTests" */;
			buildPhases = (
				ABB0850F1A37051600BCFB1D /* Sources */,
				ABB085101A37051600BCFB1D /* Frameworks */,
				ABB085111A37051600BCFB1D /* Resources */,
			);
			buildRules = (
			);
			dependencies = (
				ABB085151A37051600BCFB1D /* PBXTargetDependency */,
			);
			name = T01_SimpleTouchTests;
			productName = T01_SimpleTouchTests;
			productReference = ABB085131A37051600BCFB1D /* T01_SimpleTouchTests.xctest */;
			productType = "com.apple.product-type.bundle.unit-test";
		};
/* End PBXNativeTarget section */

/* Begin PBXProject section */
		ABB084F21A37051600BCFB1D /* Project object */ = {
			isa = PBXProject;
			attributes = {
				LastUpgradeCheck = 0610;
				ORGANIZATIONNAME = jdp;
				TargetAttributes = {
					ABB084F91A37051600BCFB1D = {
						CreatedOnToolsVersion = 6.1;
					};
					ABB085121A37051600BCFB1D = {
						CreatedOnToolsVersion = 6.1;
						TestTargetID = ABB084F91A37051600BCFB1D;
					};
				};
			};
			buildConfigurationList = ABB084F51A37051600BCFB1D /* Build configuration list for PBXProject "T01_SimpleTouch" */;
			compatibilityVersion = "Xcode 3.2";
			developmentRegion = English;
			hasScannedForEncodings = 0;
			knownRegions = (
				en,
				Base,
			);
			mainGroup = ABB084F11A37051600BCFB1D;
			productRefGroup = ABB084FB1A37051600BCFB1D /* Products */;
			projectDirPath = "";
			projectRoot = "";
			targets = (
				ABB084F91A37051600BCFB1D /* T01_SimpleTouch */,
				ABB085121A37051600BCFB1D /* T01_SimpleTouchTests */,
			);
		};
/* End PBXProject section */

/* Begin PBXResourcesBuildPhase section */
		ABB084F81A37051600BCFB1D /* Resources */ = {
			isa = PBXResourcesBuildPhase;
			buildActionMask = 2147483647;
			files = (
				ABB085091A37051600BCFB1D /* Main.storyboard in Resources */,
				ABB0850E1A37051600BCFB1D /* LaunchScreen.xib in Resources */,
				ABB0850B1A37051600BCFB1D /* Images.xcassets in Resources */,
			);
			runOnlyForDeploymentPostprocessing = 0;
		};
		ABB085111A37051600BCFB1D /* Resources */ = {
			isa = PBXResourcesBuildPhase;
			buildActionMask = 2147483647;
			files = (
			);
			runOnlyForDeploymentPostprocessing = 0;
		};
/* End PBXResourcesBuildPhase section */

/* Begin PBXSourcesBuildPhase section */
		ABB084F61A37051600BCFB1D /* Sources */ = {
			isa = PBXSourcesBuildPhase;
			buildActionMask = 2147483647;
			files = (
				ABB085061A37051600BCFB1D /* ViewController.m in Sources */,
				ABB085031A37051600BCFB1D /* AppDelegate.m in Sources */,
				ABB085001A37051600BCFB1D /* main.m in Sources */,
			);
			runOnlyForDeploymentPostprocessing = 0;
		};
		ABB0850F1A37051600BCFB1D /* Sources */ = {
			isa = PBXSourcesBuildPhase;
			buildActionMask = 2147483647;
			files = (
				ABB0851A1A37051600BCFB1D /* T01_SimpleTouchTests.m in Sources */,
			);
			runOnlyForDeploymentPostprocessing = 0;
		};
/* End PBXSourcesBuildPhase section */

/* Begin PBXTargetDependency section */
		ABB085151A37051600BCFB1D /* PBXTargetDependency */ = {
			isa = PBXTargetDependency;
			target = ABB084F91A37051600BCFB1D /* T01_SimpleTouch */;
			targetProxy = ABB085141A37051600BCFB1D /* PBXContainerItemProxy */;
		};
/* End PBXTargetDependency section */

/* Begin PBXVariantGroup section */
		ABB085071A37051600BCFB1D /* Main.storyboard */ = {
			isa = PBXVariantGroup;
			children = (
				ABB085081A37051600BCFB1D /* Base */,
			);
			name = Main.storyboard;
			sourceTree = "<group>";
		};
		ABB0850C1A37051600BCFB1D /* LaunchScreen.xib */ = {
			isa = PBXVariantGroup;
			children = (
				ABB0850D1A37051600BCFB1D /* Base */,
			);
			name = LaunchScreen.xib;
			sourceTree = "<group>";
		};
/* End PBXVariantGroup section */

/* Begin XCBuildConfiguration section */
		ABB0851B1A37051600BCFB1D /* Debug */ = {
			isa = XCBuildConfiguration;
			buildSettings = {
				ALWAYS_SEARCH_USER_PATHS = NO;
				CLANG_CXX_LANGUAGE_STANDARD = "gnu++0x";
				CLANG_CXX_LIBRARY = "libc++";
				CLANG_ENABLE_MODULES = YES;
				CLANG_ENABLE_OBJC_ARC = YES;
				CLANG_WARN_BOOL_CONVERSION = YES;
				CLANG_WARN_CONSTANT_CONVERSION = YES;
				CLANG_WARN_DIRECT_OBJC_ISA_USAGE = YES_ERROR;
				CLANG_WARN_EMPTY_BODY = YES;
				CLANG_WARN_ENUM_CONVERSION = YES;
				CLANG_WARN_INT_CONVERSION = YES;
				CLANG_WARN_OBJC_ROOT_CLASS = YES_ERROR;
				CLANG_WARN_UNREACHABLE_CODE = YES;
				CLANG_WARN__DUPLICATE_METHOD_MATCH = YES;
				"CODE_SIGN_IDENTITY[sdk=iphoneos*]" = "iPhone Developer";
				COPY_PHASE_STRIP = NO;
				ENABLE_STRICT_OBJC_MSGSEND = YES;
				GCC_C_LANGUAGE_STANDARD = gnu99;
				GCC_DYNAMIC_NO_PIC = NO;
				GCC_OPTIMIZATION_LEVEL = 0;
				GCC_PREPROCESSOR_DEFINITIONS = (
					"DEBUG=1",
					"$(inherited)",
				);
				GCC_SYMBOLS_PRIVATE_EXTERN = NO;
				GCC_WARN_64_TO_32_BIT_CONVERSION = YES;
				GCC_WARN_ABOUT_RETURN_TYPE = YES_ERROR;
				GCC_WARN_UNDECLARED_SELECTOR = YES;
				GCC_WARN_UNINITIALIZED_AUTOS = YES_AGGRESSIVE;
				GCC_WARN_UNUSED_FUNCTION = YES;
				GCC_WARN_UNUSED_VARIABLE = YES;
				IPHONEOS_DEPLOYMENT_TARGET = 8.1;
				MTL_ENABLE_DEBUG_INFO = YES;
				ONLY_ACTIVE_ARCH = YES;
				SDKROOT = iphoneos;
			};
			name = Debug;
		};
		ABB0851C1A37051600BCFB1D /* Release */ = {
			isa = XCBuildConfiguration;
			buildSettings = {
				ALWAYS_SEARCH_USER_PATHS = NO;
				CLANG_CXX_LANGUAGE_STANDARD = "gnu++0x";
				CLANG_CXX_LIBRARY = "libc++";
				CLANG_ENABLE_MODULES = YES;
				CLANG_ENABLE_OBJC_ARC = YES;
				CLANG_WARN_BOOL_CONVERSION = YES;
				CLANG_WARN_CONSTANT_CONVERSION = YES;
				CLANG_WARN_DIRECT_OBJC_ISA_USAGE = YES_ERROR;
				CLANG_WARN_EMPTY_BODY = YES;
				CLANG_WARN_ENUM_CONVERSION = YES;
				CLANG_WARN_INT_CONVERSION = YES;
				CLANG_WARN_OBJC_ROOT_CLASS = YES_ERROR;
				CLANG_WARN_UNREACHABLE_CODE = YES;
				CLANG_WARN__DUPLICATE_METHOD_MATCH = YES;
				"CODE_SIGN_IDENTITY[sdk=iphoneos*]" = "iPhone Developer";
				COPY_PHASE_STRIP = YES;
				ENABLE_NS_ASSERTIONS = NO;
				ENABLE_STRICT_OBJC_MSGSEND = YES;
				GCC_C_LANGUAGE_STANDARD = gnu99;
				GCC_WARN_64_TO_32_BIT_CONVERSION = YES;
				GCC_WARN_ABOUT_RETURN_TYPE = YES_ERROR;
				GCC_WARN_UNDECLARED_SELECTOR = YES;
				GCC_WARN_UNINITIALIZED_AUTOS = YES_AGGRESSIVE;
				GCC_WARN_UNUSED_FUNCTION = YES;
				GCC_WARN_UNUSED_VARIABLE = YES;
				IPHONEOS_DEPLOYMENT_TARGET = 8.1;
				MTL_ENABLE_DEBUG_INFO = NO;
				SDKROOT = iphoneos;
				VALIDATE_PRODUCT = YES;
			};
			name = Release;
		};
		ABB0851E1A37051600BCFB1D /* Debug */ = {
			isa = XCBuildConfiguration;
			buildSettings = {
				ASSETCATALOG_COMPILER_APPICON_NAME = AppIcon;
				INFOPLIST_FILE = T01_SimpleTouch/Info.plist;
				LD_RUNPATH_SEARCH_PATHS = "$(inherited) @executable_path/Frameworks";
				PRODUCT_NAME = "$(TARGET_NAME)";
			};
			name = Debug;
		};
		ABB0851F1A37051600BCFB1D /* Release */ = {
			isa = XCBuildConfiguration;
			buildSettings = {
				ASSETCATALOG_COMPILER_APPICON_NAME = AppIcon;
				INFOPLIST_FILE = T01_SimpleTouch/Info.plist;
				LD_RUNPATH_SEARCH_PATHS = "$(inherited) @executable_path/Frameworks";
				PRODUCT_NAME = "$(TARGET_NAME)";
			};
			name = Release;
		};
		ABB085211A37051600BCFB1D /* Debug */ = {
			isa = XCBuildConfiguration;
			buildSettings = {
				BUNDLE_LOADER = "$(TEST_HOST)";
				FRAMEWORK_SEARCH_PATHS = (
					"$(SDKROOT)/Developer/Library/Frameworks",
					"$(inherited)",
				);
				GCC_PREPROCESSOR_DEFINITIONS = (
					"DEBUG=1",
					"$(inherited)",
				);
				INFOPLIST_FILE = T01_SimpleTouchTests/Info.plist;
				LD_RUNPATH_SEARCH_PATHS = "$(inherited) @executable_path/Frameworks @loader_path/Frameworks";
				PRODUCT_NAME = "$(TARGET_NAME)";
				TEST_HOST = "$(BUILT_PRODUCTS_DIR)/T01_SimpleTouch.app/T01_SimpleTouch";
			};
			name = Debug;
		};
		ABB085221A37051600BCFB1D /* Release */ = {
			isa = XCBuildConfiguration;
			buildSettings = {
				BUNDLE_LOADER = "$(TEST_HOST)";
				FRAMEWORK_SEARCH_PATHS = (
					"$(SDKROOT)/Developer/Library/Frameworks",
					"$(inherited)",
				);
				INFOPLIST_FILE = T01_SimpleTouchTests/Info.plist;
				LD_RUNPATH_SEARCH_PATHS = "$(inherited) @executable_path/Frameworks @loader_path/Frameworks";
				PRODUCT_NAME = "$(TARGET_NAME)";
				TEST_HOST = "$(BUILT_PRODUCTS_DIR)/T01_SimpleTouch.app/T01_SimpleTouch";
			};
			name = Release;
		};
/* End XCBuildConfiguration section */

/* Begin XCConfigurationList section */
		ABB084F51A37051600BCFB1D /* Build configuration list for PBXProject "T01_SimpleTouch" */ = {
			isa = XCConfigurationList;
			buildConfigurations = (
				ABB0851B1A37051600BCFB1D /* Debug */,
				ABB0851C1A37051600BCFB1D /* Release */,
			);
			defaultConfigurationIsVisible = 0;
			defaultConfigurationName = Release;
		};
		ABB0851D1A37051600BCFB1D /* Build configuration list for PBXNativeTarget "T01_SimpleTouch" */ = {
			isa = XCConfigurationList;
			buildConfigurations = (
				ABB0851E1A37051600BCFB1D /* Debug */,
				ABB0851F1A37051600BCFB1D /* Release */,
			);
			defaultConfigurationIsVisible = 0;
		};
		ABB085201A37051600BCFB1D /* Build configuration list for PBXNativeTarget "T01_SimpleTouchTests" */ = {
			isa = XCConfigurationList;
			buildConfigurations = (
				ABB085211A37051600BCFB1D /* Debug */,
				ABB085221A37051600BCFB1D /* Release */,
			);
			defaultConfigurationIsVisible = 0;
		};
/* End XCConfigurationList section */
	};
	rootObject = ABB084F21A37051600BCFB1D /* Project object */;
}
